
Microsoft Visual Studio Solution File, Format Version 12.00
# Visual Studio Version 16
VisualStudioVersion = 16.0.30804.86
MinimumVisualStudioVersion = 10.0.40219.1
Project("{FAE04EC0-301F-11D3-BF4B-00C04F79EFBC}") = "My1stProject", "My1stProject\My1stProject.csproj", "{3F1AE9EE-C3BE-4A56-AEB7-C2C047403E21}"
EndProject
Project("{FAE04EC0-301F-11D3-BF4B-00C04F79EFBC}") = "MyNextProject", "MyNextProject\MyNextProject.csproj", "{39FC3653-914B-4EA5-96A5-24614525524B}"
EndProject
Project("{FAE04EC0-301F-11D3-BF4B-00C04F79EFBC}") = "MyLib", "MyLib\MyLib.csproj", "{4D4C8EAD-0566-4359-AB95-B92B901A9948}"
EndProject
Global
	GlobalSection(SolutionConfigurationPlatforms) = preSolution
		Debug|Any CPU = Debug|Any CPU
		Release|Any CPU = Release|Any CPU
	EndGlobalSection
	GlobalSection(ProjectConfigurationPlatforms) = postSolution
		{3F1AE9EE-C3BE-4A56-AEB7-C2C047403E21}.Debug|Any CPU.ActiveCfg = Debug|Any CPU
		{3F1AE9EE-C3BE-4A56-AEB7-C2C047403E21}.Debug|Any CPU.Build.0 = Debug|Any CPU
		{3F1AE9EE-C3BE-4A56-AEB7-C2C047403E21}.Release|Any CPU.ActiveCfg = Release|Any CPU
		{3F1AE9EE-C3BE-4A56-AEB7-C2C047403E21}.Release|Any CPU.Build.0 = Release|Any CPU
		{39FC3653-914B-4EA5-96A5-24614525524B}.Debug|Any CPU.ActiveCfg = Debug|Any CPU
		{39FC3653-914B-4EA5-96A5-24614525524B}.Debug|Any CPU.Build.0 = Debug|Any CPU
		{39FC3653-914B-4EA5-96A5-24614525524B}.Release|Any CPU.ActiveCfg = Release|Any CPU
		{39FC3653-914B-4EA5-96A5-24614525524B}.Release|Any CPU.Build.0 = Release|Any CPU
		{4D4C8EAD-0566-4359-AB95-B92B901A9948}.Debug|Any CPU.ActiveCfg = Debug|Any CPU
		{4D4C8EAD-0566-4359-AB95-B92B901A9948}.Debug|Any CPU.Build.0 = Debug|Any CPU
		{4D4C8EAD-0566-4359-AB95-B92B901A9948}.Release|Any CPU.ActiveCfg = Release|Any CPU
		{4D4C8EAD-0566-4359-AB95-B92B901A9948}.Release|Any CPU.Build.0 = Release|Any CPU
	EndGlobalSection
	GlobalSection(SolutionProperties) = preSolution
		HideSolutionNode = FALSE
	EndGlobalSection
	GlobalSection(ExtensibilityGlobals) = postSolution
		SolutionGuid = {DACF7DD0-8A37-4705-8B0C-29B53A6E9FBA}
	EndGlobalSection
EndGlobal
